// !$*UTF8*$!
{
	archiveVersion = 1;
	classes = {
	};
	objectVersion = 50;
	objects = {

/* Begin PBXBuildFile section */
		F4DCD05B241FFB7100B3C249 /* AppDelegate.swift in Sources */ = {isa = PBXBuildFile; fileRef = F4DCD05A241FFB7100B3C249 /* AppDelegate.swift */; };
		F4DCD05D241FFB7100B3C249 /* SceneDelegate.swift in Sources */ = {isa = PBXBuildFile; fileRef = F4DCD05C241FFB7100B3C249 /* SceneDelegate.swift */; };
		F4DCD05F241FFB7100B3C249 /* ViewController.swift in Sources */ = {isa = PBXBuildFile; fileRef = F4DCD05E241FFB7100B3C249 /* ViewController.swift */; };
		F4DCD062241FFB7100B3C249 /* Main.storyboard in Resources */ = {isa = PBXBuildFile; fileRef = F4DCD060241FFB7100B3C249 /* Main.storyboard */; };
		F4DCD065241FFB7100B3C249 /* Hit_List.xcdatamodeld in Sources */ = {isa = PBXBuildFile; fileRef = F4DCD063241FFB7100B3C249 /* Hit_List.xcdatamodeld */; };
		F4DCD067241FFB7300B3C249 /* Assets.xcassets in Resources */ = {isa = PBXBuildFile; fileRef = F4DCD066241FFB7300B3C249 /* Assets.xcassets */; };
		F4DCD06A241FFB7300B3C249 /* LaunchScreen.storyboard in Resources */ = {isa = PBXBuildFile; fileRef = F4DCD068241FFB7300B3C249 /* LaunchScreen.storyboard */; };
/* End PBXBuildFile section */

/* Begin PBXFileReference section */
		F4DCD057241FFB7100B3C249 /* Hit List.app */ = {isa = PBXFileReference; explicitFileType = wrapper.application; includeInIndex = 0; path = "Hit List.app"; sourceTree = BUILT_PRODUCTS_DIR; };
		F4DCD05A241FFB7100B3C249 /* AppDelegate.swift */ = {isa = PBXFileReference; lastKnownFileType = sourcecode.swift; path = AppDelegate.swift; sourceTree = "<group>"; };
		F4DCD05C241FFB7100B3C249 /* SceneDelegate.swift */ = {isa = PBXFileReference; lastKnownFileType = sourcecode.swift; path = SceneDelegate.swift; sourceTree = "<group>"; };
		F4DCD05E241FFB7100B3C249 /* ViewController.swift */ = {isa = PBXFileReference; lastKnownFileType = sourcecode.swift; path = ViewController.swift; sourceTree = "<group>"; };
		F4DCD061241FFB7100B3C249 /* Base */ = {isa = PBXFileReference; lastKnownFileType = file.storyboard; name = Base; path = Base.lproj/Main.storyboard; sourceTree = "<group>"; };
		F4DCD064241FFB7100B3C249 /* Hit_List.xcdatamodel */ = {isa = PBXFileReference; lastKnownFileType = wrapper.xcdatamodel; path = Hit_List.xcdatamodel; sourceTree = "<group>"; };
		F4DCD066241FFB7300B3C249 /* Assets.xcassets */ = {isa = PBXFileReference; lastKnownFileType = folder.assetcatalog; path = Assets.xcassets; sourceTree = "<group>"; };
		F4DCD069241FFB7300B3C249 /* Base */ = {isa = PBXFileReference; lastKnownFileType = file.storyboard; name = Base; path = Base.lproj/LaunchScreen.storyboard; sourceTree = "<group>"; };
		F4DCD06B241FFB7300B3C249 /* Info.plist */ = {isa = PBXFileReference; lastKnownFileType = text.plist.xml; path = Info.plist; sourceTree = "<group>"; };
/* End PBXFileReference section */

/* Begin PBXFrameworksBuildPhase section */
		F4DCD054241FFB7100B3C249 /* Frameworks */ = {
			isa = PBXFrameworksBuildPhase;
			buildActionMask = 2147483647;
			files = (
			);
			runOnlyForDeploymentPostprocessing = 0;
		};
/* End PBXFrameworksBuildPhase section */

/* Begin PBXGroup section */
		F4DCD04E241FFB7100B3C249 = {
			isa = PBXGroup;
			children = (
				F4DCD059241FFB7100B3C249 /* Hit List */,
				F4DCD058241FFB7100B3C249 /* Products */,
			);
			sourceTree = "<group>";
		};
		F4DCD058241FFB7100B3C249 /* Products */ = {
			isa = PBXGroup;
			children = (
				F4DCD057241FFB7100B3C249 /* Hit List.app */,
			);
			name = Products;
			sourceTree = "<group>";
		};
		F4DCD059241FFB7100B3C249 /* Hit List */ = {
			isa = PBXGroup;
			children = (
				F4DCD05A241FFB7100B3C249 /* AppDelegate.swift */,
				F4DCD05C241FFB7100B3C249 /* SceneDelegate.swift */,
				F4DCD05E241FFB7100B3C249 /* ViewController.swift */,
				F4DCD060241FFB7100B3C249 /* Main.storyboard */,
				F4DCD066241FFB7300B3C249 /* Assets.xcassets */,
				F4DCD068241FFB7300B3C249 /* LaunchScreen.storyboard */,
				F4DCD06B241FFB7300B3C249 /* Info.plist */,
				F4DCD063241FFB7100B3C249 /* Hit_List.xcdatamodeld */,
			);
			path = "Hit List";
			sourceTree = "<group>";
		};
/* End PBXGroup section */

/* Begin PBXNativeTarget section */
		F4DCD056241FFB7100B3C249 /* Hit List */ = {
			isa = PBXNativeTarget;
			buildConfigurationList = F4DCD06E241FFB7300B3C249 /* Build configuration list for PBXNativeTarget "Hit List" */;
			buildPhases = (
				F4DCD053241FFB7100B3C249 /* Sources */,
				F4DCD054241FFB7100B3C249 /* Frameworks */,
				F4DCD055241FFB7100B3C249 /* Resources */,
			);
			buildRules = (
			);
			dependencies = (
			);
			name = "Hit List";
			productName = "Hit List";
			productReference = F4DCD057241FFB7100B3C249 /* Hit List.app */;
			productType = "com.apple.product-type.application";
		};
/* End PBXNativeTarget section */

/* Begin PBXProject section */
		F4DCD04F241FFB7100B3C249 /* Project object */ = {
			isa = PBXProject;
			attributes = {
				LastSwiftUpdateCheck = 1130;
				LastUpgradeCheck = 1130;
				ORGANIZATIONNAME = Home;
				TargetAttributes = {
					F4DCD056241FFB7100B3C249 = {
						CreatedOnToolsVersion = 11.3.1;
					};
				};
			};
			buildConfigurationList = F4DCD052241FFB7100B3C249 /* Build configuration list for PBXProject "Hit List" */;
			compatibilityVersion = "Xcode 9.3";
			developmentRegion = en;
			hasScannedForEncodings = 0;
			knownRegions = (
				en,
				Base,
			);
			mainGroup = F4DCD04E241FFB7100B3C249;
			productRefGroup = F4DCD058241FFB7100B3C249 /* Products */;
			projectDirPath = "";
			projectRoot = "";
			targets = (
				F4DCD056241FFB7100B3C249 /* Hit List */,
			);
		};
/* End PBXProject section */

/* Begin PBXResourcesBuildPhase section */
		F4DCD055241FFB7100B3C249 /* Resources */ = {
			isa = PBXResourcesBuildPhase;
			buildActionMask = 2147483647;
			files = (
				F4DCD06A241FFB7300B3C249 /* LaunchScreen.storyboard in Resources */,
				F4DCD067241FFB7300B3C249 /* Assets.xcassets in Resources */,
				F4DCD062241FFB7100B3C249 /* Main.storyboard in Resources */,
			);
			runOnlyForDeploymentPostprocessing = 0;
		};
/* End PBXResourcesBuildPhase section */

/* Begin PBXSourcesBuildPhase section */
		F4DCD053241FFB7100B3C249 /* Sources */ = {
			isa = PBXSourcesBuildPhase;
			buildActionMask = 2147483647;
			files = (
				F4DCD05F241FFB7100B3C249 /* ViewController.swift in Sources */,
				F4DCD065241FFB7100B3C249 /* Hit_List.xcdatamodeld in Sources */,
				F4DCD05B241FFB7100B3C249 /* AppDelegate.swift in Sources */,
				F4DCD05D241FFB7100B3C249 /* SceneDelegate.swift in Sources */,
			);
			runOnlyForDeploymentPostprocessing = 0;
		};
/* End PBXSourcesBuildPhase section */

/* Begin PBXVariantGroup section */
		F4DCD060241FFB7100B3C249 /* Main.storyboard */ = {
			isa = PBXVariantGroup;
			children = (
				F4DCD061241FFB7100B3C249 /* Base */,
			);
			name = Main.storyboard;
			sourceTree = "<group>";
		};
		F4DCD068241FFB7300B3C249 /* LaunchScreen.storyboard */ = {
			isa = PBXVariantGroup;
			children = (
				F4DCD069241FFB7300B3C249 /* Base */,
			);
			name = LaunchScreen.storyboard;
			sourceTree = "<group>";
		};
/* End PBXVariantGroup section */

/* Begin XCBuildConfiguration section */
		F4DCD06C241FFB7300B3C249 /* Debug */ = {
			isa = XCBuildConfiguration;
			buildSettings = {
				ALWAYS_SEARCH_USER_PATHS = NO;
				CLANG_ANALYZER_NONNULL = YES;
				CLANG_ANALYZER_NUMBER_OBJECT_CONVERSION = YES_AGGRESSIVE;
				CLANG_CXX_LANGUAGE_STANDARD = "gnu++14";
				CLANG_CXX_LIBRARY = "libc++";
				CLANG_ENABLE_MODULES = YES;
				CLANG_ENABLE_OBJC_ARC = YES;
				CLANG_ENABLE_OBJC_WEAK = YES;
				CLANG_WARN_BLOCK_CAPTURE_AUTORELEASING = YES;
				CLANG_WARN_BOOL_CONVERSION = YES;
				CLANG_WARN_COMMA = YES;
				CLANG_WARN_CONSTANT_CONVERSION = YES;
				CLANG_WARN_DEPRECATED_OBJC_IMPLEMENTATIONS = YES;
				CLANG_WARN_DIRECT_OBJC_ISA_USAGE = YES_ERROR;
				CLANG_WARN_DOCUMENTATION_COMMENTS = YES;
				CLANG_WARN_EMPTY_BODY = YES;
				CLANG_WARN_ENUM_CONVERSION = YES;
				CLANG_WARN_INFINITE_RECURSION = YES;
				CLANG_WARN_INT_CONVERSION = YES;
				CLANG_WARN_NON_LITERAL_NULL_CONVERSION = YES;
				CLANG_WARN_OBJC_IMPLICIT_RETAIN_SELF = YES;
				CLANG_WARN_OBJC_LITERAL_CONVERSION = YES;
				CLANG_WARN_OBJC_ROOT_CLASS = YES_ERROR;
				CLANG_WARN_RANGE_LOOP_ANALYSIS = YES;
				CLANG_WARN_STRICT_PROTOTYPES = YES;
				CLANG_WARN_SUSPICIOUS_MOVE = YES;
				CLANG_WARN_UNGUARDED_AVAILABILITY = YES_AGGRESSIVE;
				CLANG_WARN_UNREACHABLE_CODE = YES;
				CLANG_WARN__DUPLICATE_METHOD_MATCH = YES;
				COPY_PHASE_STRIP = NO;
				DEBUG_INFORMATION_FORMAT = dwarf;
				ENABLE_STRICT_OBJC_MSGSEND = YES;
				ENABLE_TESTABILITY = YES;
				GCC_C_LANGUAGE_STANDARD = gnu11;
				GCC_DYNAMIC_NO_PIC = NO;
				GCC_NO_COMMON_BLOCKS = YES;
				GCC_OPTIMIZATION_LEVEL = 0;
				GCC_PREPROCESSOR_DEFINITIONS = (
					"DEBUG=1",
					"$(inherited)",
				);
				GCC_WARN_64_TO_32_BIT_CONVERSION = YES;
				GCC_WARN_ABOUT_RETURN_TYPE = YES_ERROR;
				GCC_WARN_UNDECLARED_SELECTOR = YES;
				GCC_WARN_UNINITIALIZED_AUTOS = YES_AGGRESSIVE;
				GCC_WARN_UNUSED_FUNCTION = YES;
				GCC_WARN_UNUSED_VARIABLE = YES;
				IPHONEOS_DEPLOYMENT_TARGET = 13.2;
				MTL_ENABLE_DEBUG_INFO = INCLUDE_SOURCE;
				MTL_FAST_MATH = YES;
				ONLY_ACTIVE_ARCH = YES;
				SDKROOT = iphoneos;
				SWIFT_ACTIVE_COMPILATION_CONDITIONS = DEBUG;
				SWIFT_OPTIMIZATION_LEVEL = "-Onone";
			};
			name = Debug;
		};
		F4DCD06D241FFB7300B3C249 /* Release */ = {
			isa = XCBuildConfiguration;
			buildSettings = {
				ALWAYS_SEARCH_USER_PATHS = NO;
				CLANG_ANALYZER_NONNULL = YES;
				CLANG_ANALYZER_NUMBER_OBJECT_CONVERSION = YES_AGGRESSIVE;
				CLANG_CXX_LANGUAGE_STANDARD = "gnu++14";
				CLANG_CXX_LIBRARY = "libc++";
				CLANG_ENABLE_MODULES = YES;
				CLANG_ENABLE_OBJC_ARC = YES;
				CLANG_ENABLE_OBJC_WEAK = YES;
				CLANG_WARN_BLOCK_CAPTURE_AUTORELEASING = YES;
				CLANG_WARN_BOOL_CONVERSION = YES;
				CLANG_WARN_COMMA = YES;
				CLANG_WARN_CONSTANT_CONVERSION = YES;
				CLANG_WARN_DEPRECATED_OBJC_IMPLEMENTATIONS = YES;
				CLANG_WARN_DIRECT_OBJC_ISA_USAGE = YES_ERROR;
				CLANG_WARN_DOCUMENTATION_COMMENTS = YES;
				CLANG_WARN_EMPTY_BODY = YES;
				CLANG_WARN_ENUM_CONVERSION = YES;
				CLANG_WARN_INFINITE_RECURSION = YES;
				CLANG_WARN_INT_CONVERSION = YES;
				CLANG_WARN_NON_LITERAL_NULL_CONVERSION = YES;
				CLANG_WARN_OBJC_IMPLICIT_RETAIN_SELF = YES;
				CLANG_WARN_OBJC_LITERAL_CONVERSION = YES;
				CLANG_WARN_OBJC_ROOT_CLASS = YES_ERROR;
				CLANG_WARN_RANGE_LOOP_ANALYSIS = YES;
				CLANG_WARN_STRICT_PROTOTYPES = YES;
				CLANG_WARN_SUSPICIOUS_MOVE = YES;
				CLANG_WARN_UNGUARDED_AVAILABILITY = YES_AGGRESSIVE;
				CLANG_WARN_UNREACHABLE_CODE = YES;
				CLANG_WARN__DUPLICATE_METHOD_MATCH = YES;
				COPY_PHASE_STRIP = NO;
				DEBUG_INFORMATION_FORMAT = "dwarf-with-dsym";
				ENABLE_NS_ASSERTIONS = NO;
				ENABLE_STRICT_OBJC_MSGSEND = YES;
				GCC_C_LANGUAGE_STANDARD = gnu11;
				GCC_NO_COMMON_BLOCKS = YES;
				GCC_WARN_64_TO_32_BIT_CONVERSION = YES;
				GCC_WARN_ABOUT_RETURN_TYPE = YES_ERROR;
				GCC_WARN_UNDECLARED_SELECTOR = YES;
				GCC_WARN_UNINITIALIZED_AUTOS = YES_AGGRESSIVE;
				GCC_WARN_UNUSED_FUNCTION = YES;
				GCC_WARN_UNUSED_VARIABLE = YES;
				IPHONEOS_DEPLOYMENT_TARGET = 13.2;
				MTL_ENABLE_DEBUG_INFO = NO;
				MTL_FAST_MATH = YES;
				SDKROOT = iphoneos;
				SWIFT_COMPILATION_MODE = wholemodule;
				SWIFT_OPTIMIZATION_LEVEL = "-O";
				VALIDATE_PRODUCT = YES;
			};
			name = Release;
		};
		F4DCD06F241FFB7300B3C249 /* Debug */ = {
			isa = XCBuildConfiguration;
			buildSettings = {
				ASSETCATALOG_COMPILER_APPICON_NAME = AppIcon;
				CODE_SIGN_STYLE = Automatic;
				DEVELOPMENT_TEAM = JCJUJYBPU5;
				INFOPLIST_FILE = "Hit List/Info.plist";
				IPHONEOS_DEPLOYMENT_TARGET = 11.0;
				LD_RUNPATH_SEARCH_PATHS = (
					"$(inherited)",
					"@executable_path/Frameworks",
				);
				PRODUCT_BUNDLE_IDENTIFIER = "com.GevorgAvetisyan.Hit-List";
				PRODUCT_NAME = "$(TARGET_NAME)";
				SWIFT_VERSION = 5.0;
				TARGETED_DEVICE_FAMILY = "1,2";
			};
			name = Debug;
		};
		F4DCD070241FFB7300B3C249 /* Release */ = {
			isa = XCBuildConfiguration;
			buildSettings = {
				ASSETCATALOG_COMPILER_APPICON_NAME = AppIcon;
				CODE_SIGN_STYLE = Automatic;
				DEVELOPMENT_TEAM = JCJUJYBPU5;
				INFOPLIST_FILE = "Hit List/Info.plist";
				IPHONEOS_DEPLOYMENT_TARGET = 11.0;
				LD_RUNPATH_SEARCH_PATHS = (
					"$(inherited)",
					"@executable_path/Frameworks",
				);
				PRODUCT_BUNDLE_IDENTIFIER = "com.GevorgAvetisyan.Hit-List";
				PRODUCT_NAME = "$(TARGET_NAME)";
				SWIFT_VERSION = 5.0;
				TARGETED_DEVICE_FAMILY = "1,2";
			};
			name = Release;
		};
/* End XCBuildConfiguration section */

/* Begin XCConfigurationList section */
		F4DCD052241FFB7100B3C249 /* Build configuration list for PBXProject "Hit List" */ = {
			isa = XCConfigurationList;
			buildConfigurations = (
				F4DCD06C241FFB7300B3C249 /* Debug */,
				F4DCD06D241FFB7300B3C249 /* Release */,
			);
			defaultConfigurationIsVisible = 0;
			defaultConfigurationName = Release;
		};
		F4DCD06E241FFB7300B3C249 /* Build configuration list for PBXNativeTarget "Hit List" */ = {
			isa = XCConfigurationList;
			buildConfigurations = (
				F4DCD06F241FFB7300B3C249 /* Debug */,
				F4DCD070241FFB7300B3C249 /* Release */,
			);
			defaultConfigurationIsVisible = 0;
			defaultConfigurationName = Release;
		};
/* End XCConfigurationList section */

/* Begin XCVersionGroup section */
		F4DCD063241FFB7100B3C249 /* Hit_List.xcdatamodeld */ = {
			isa = XCVersionGroup;
			children = (
				F4DCD064241FFB7100B3C249 /* Hit_List.xcdatamodel */,
			);
			currentVersion = F4DCD064241FFB7100B3C249 /* Hit_List.xcdatamodel */;
			path = Hit_List.xcdatamodeld;
			sourceTree = "<group>";
			versionGroupType = wrapper.xcdatamodel;
		};
/* End XCVersionGroup section */
	};
	rootObject = F4DCD04F241FFB7100B3C249 /* Project object */;
}
